
Microsoft Visual Studio Solution File, Format Version 12.00
# Visual Studio Version 17
VisualStudioVersion = 17.3.32811.315
MinimumVisualStudioVersion = 10.0.40219.1
Project("{FAE04EC0-301F-11D3-BF4B-00C04F79EFBC}") = "IncrFileNum", "IncrFileNum\IncrFileNum.csproj", "{EB63CA77-56E9-4A53-B7C3-3720B8214E63}"
EndProject
Global
	GlobalSection(SolutionConfigurationPlatforms) = preSolution
		Debug|Any CPU = Debug|Any CPU
		Release|Any CPU = Release|Any CPU
	EndGlobalSection
	GlobalSection(ProjectConfigurationPlatforms) = postSolution
		{EB63CA77-56E9-4A53-B7C3-3720B8214E63}.Debug|Any CPU.ActiveCfg = Debug|Any CPU
		{EB63CA77-56E9-4A53-B7C3-3720B8214E63}.Debug|Any CPU.Build.0 = Debug|Any CPU
		{EB63CA77-56E9-4A53-B7C3-3720B8214E63}.Release|Any CPU.ActiveCfg = Release|Any CPU
		{EB63CA77-56E9-4A53-B7C3-3720B8214E63}.Release|Any CPU.Build.0 = Release|Any CPU
	EndGlobalSection
	GlobalSection(SolutionProperties) = preSolution
		HideSolutionNode = FALSE
	EndGlobalSection
	GlobalSection(ExtensibilityGlobals) = postSolution
		SolutionGuid = {CDAF6DFE-3E07-44DE-918F-CDD0A482475C}
	EndGlobalSection
EndGlobal
